// !$*UTF8*$!
{
	archiveVersion = 1;
	classes = {
	};
	objectVersion = 46;
	objects = {

/* Begin PBXBuildFile section */
		3271E3D61C030E7A00A1C2B4 /* CDVAssetLibraryFilesystem.m in Sources */ = {isa = PBXBuildFile; fileRef = 3271E3D11C030E7A00A1C2B4 /* CDVAssetLibraryFilesystem.m */; };
		3271E3D71C030E7A00A1C2B4 /* CDVFile.m in Sources */ = {isa = PBXBuildFile; fileRef = 3271E3D31C030E7A00A1C2B4 /* CDVFile.m */; };
		3271E3D81C030E7A00A1C2B4 /* CDVLocalFilesystem.m in Sources */ = {isa = PBXBuildFile; fileRef = 3271E3D51C030E7A00A1C2B4 /* CDVLocalFilesystem.m */; };
/* End PBXBuildFile section */

/* Begin PBXCopyFilesBuildPhase section */
		3271E3B41C030D9B00A1C2B4 /* CopyFiles */ = {
			isa = PBXCopyFilesBuildPhase;
			buildActionMask = 2147483647;
			dstPath = "include/$(PRODUCT_NAME)";
			dstSubfolderSpec = 16;
			files = (
			);
			runOnlyForDeploymentPostprocessing = 0;
		};
/* End PBXCopyFilesBuildPhase section */

/* Begin PBXFileReference section */
		3271E3B61C030D9B00A1C2B4 /* libRCTFile.a */ = {isa = PBXFileReference; explicitFileType = archive.ar; includeInIndex = 0; path = libRCTFile.a; sourceTree = BUILT_PRODUCTS_DIR; };
		3271E3D01C030E7A00A1C2B4 /* CDVAssetLibraryFilesystem.h */ = {isa = PBXFileReference; fileEncoding = 4; lastKnownFileType = sourcecode.c.h; path = CDVAssetLibraryFilesystem.h; sourceTree = "<group>"; };
		3271E3D11C030E7A00A1C2B4 /* CDVAssetLibraryFilesystem.m */ = {isa = PBXFileReference; fileEncoding = 4; lastKnownFileType = sourcecode.c.objc; path = CDVAssetLibraryFilesystem.m; sourceTree = "<group>"; };
		3271E3D21C030E7A00A1C2B4 /* CDVFile.h */ = {isa = PBXFileReference; fileEncoding = 4; lastKnownFileType = sourcecode.c.h; path = CDVFile.h; sourceTree = "<group>"; };
		3271E3D31C030E7A00A1C2B4 /* CDVFile.m */ = {isa = PBXFileReference; fileEncoding = 4; lastKnownFileType = sourcecode.c.objc; path = CDVFile.m; sourceTree = "<group>"; };
		3271E3D41C030E7A00A1C2B4 /* CDVLocalFilesystem.h */ = {isa = PBXFileReference; fileEncoding = 4; lastKnownFileType = sourcecode.c.h; path = CDVLocalFilesystem.h; sourceTree = "<group>"; };
		3271E3D51C030E7A00A1C2B4 /* CDVLocalFilesystem.m */ = {isa = PBXFileReference; fileEncoding = 4; lastKnownFileType = sourcecode.c.objc; path = CDVLocalFilesystem.m; sourceTree = "<group>"; };
/* End PBXFileReference section */

/* Begin PBXFrameworksBuildPhase section */
		3271E3B31C030D9B00A1C2B4 /* Frameworks */ = {
			isa = PBXFrameworksBuildPhase;
			buildActionMask = 2147483647;
			files = (
			);
			runOnlyForDeploymentPostprocessing = 0;
		};
/* End PBXFrameworksBuildPhase section */

/* Begin PBXGroup section */
		3271E3AD1C030D9B00A1C2B4 = {
			isa = PBXGroup;
			children = (
				3271E3B81C030D9B00A1C2B4 /* RCTFile */,
				3271E3B71C030D9B00A1C2B4 /* Products */,
			);
			sourceTree = "<group>";
		};
		3271E3B71C030D9B00A1C2B4 /* Products */ = {
			isa = PBXGroup;
			children = (
				3271E3B61C030D9B00A1C2B4 /* libRCTFile.a */,
			);
			name = Products;
			sourceTree = "<group>";
		};
		3271E3B81C030D9B00A1C2B4 /* RCTFile */ = {
			isa = PBXGroup;
			children = (
				3271E3D01C030E7A00A1C2B4 /* CDVAssetLibraryFilesystem.h */,
				3271E3D11C030E7A00A1C2B4 /* CDVAssetLibraryFilesystem.m */,
				3271E3D21C030E7A00A1C2B4 /* CDVFile.h */,
				3271E3D31C030E7A00A1C2B4 /* CDVFile.m */,
				3271E3D41C030E7A00A1C2B4 /* CDVLocalFilesystem.h */,
				3271E3D51C030E7A00A1C2B4 /* CDVLocalFilesystem.m */,
			);
			path = RCTFile;
			sourceTree = "<group>";
		};
/* End PBXGroup section */

/* Begin PBXNativeTarget section */
		3271E3B51C030D9B00A1C2B4 /* RCTFile */ = {
			isa = PBXNativeTarget;
			buildConfigurationList = 3271E3CA1C030D9B00A1C2B4 /* Build configuration list for PBXNativeTarget "RCTFile" */;
			buildPhases = (
				3271E3B21C030D9B00A1C2B4 /* Sources */,
				3271E3B31C030D9B00A1C2B4 /* Frameworks */,
				3271E3B41C030D9B00A1C2B4 /* CopyFiles */,
			);
			buildRules = (
			);
			dependencies = (
			);
			name = RCTFile;
			productName = RCTFile;
			productReference = 3271E3B61C030D9B00A1C2B4 /* libRCTFile.a */;
			productType = "com.apple.product-type.library.static";
		};
/* End PBXNativeTarget section */

/* Begin PBXProject section */
		3271E3AE1C030D9B00A1C2B4 /* Project object */ = {
			isa = PBXProject;
			attributes = {
				LastUpgradeCheck = 0640;
				ORGANIZATIONNAME = remobile;
				TargetAttributes = {
					3271E3B51C030D9B00A1C2B4 = {
						CreatedOnToolsVersion = 6.4;
					};
				};
			};
			buildConfigurationList = 3271E3B11C030D9B00A1C2B4 /* Build configuration list for PBXProject "RCTFile" */;
			compatibilityVersion = "Xcode 3.2";
			developmentRegion = English;
			hasScannedForEncodings = 0;
			knownRegions = (
				en,
			);
			mainGroup = 3271E3AD1C030D9B00A1C2B4;
			productRefGroup = 3271E3B71C030D9B00A1C2B4 /* Products */;
			projectDirPath = "";
			projectRoot = "";
			targets = (
				3271E3B51C030D9B00A1C2B4 /* RCTFile */,
			);
		};
/* End PBXProject section */

/* Begin PBXSourcesBuildPhase section */
		3271E3B21C030D9B00A1C2B4 /* Sources */ = {
			isa = PBXSourcesBuildPhase;
			buildActionMask = 2147483647;
			files = (
				3271E3D61C030E7A00A1C2B4 /* CDVAssetLibraryFilesystem.m in Sources */,
				3271E3D71C030E7A00A1C2B4 /* CDVFile.m in Sources */,
				3271E3D81C030E7A00A1C2B4 /* CDVLocalFilesystem.m in Sources */,
			);
			runOnlyForDeploymentPostprocessing = 0;
		};
/* End PBXSourcesBuildPhase section */

/* Begin XCBuildConfiguration section */
		3271E3C81C030D9B00A1C2B4 /* Debug */ = {
			isa = XCBuildConfiguration;
			buildSettings = {
				ALWAYS_SEARCH_USER_PATHS = NO;
				CLANG_CXX_LANGUAGE_STANDARD = "gnu++0x";
				CLANG_CXX_LIBRARY = "libc++";
				CLANG_ENABLE_MODULES = YES;
				CLANG_ENABLE_OBJC_ARC = YES;
				CLANG_WARN_BOOL_CONVERSION = YES;
				CLANG_WARN_CONSTANT_CONVERSION = YES;
				CLANG_WARN_DIRECT_OBJC_ISA_USAGE = YES_ERROR;
				CLANG_WARN_EMPTY_BODY = YES;
				CLANG_WARN_ENUM_CONVERSION = YES;
				CLANG_WARN_INT_CONVERSION = YES;
				CLANG_WARN_OBJC_ROOT_CLASS = YES_ERROR;
				CLANG_WARN_UNREACHABLE_CODE = YES;
				CLANG_WARN__DUPLICATE_METHOD_MATCH = YES;
				COPY_PHASE_STRIP = NO;
				DEBUG_INFORMATION_FORMAT = "dwarf-with-dsym";
				ENABLE_STRICT_OBJC_MSGSEND = YES;
				GCC_C_LANGUAGE_STANDARD = gnu99;
				GCC_DYNAMIC_NO_PIC = NO;
				GCC_NO_COMMON_BLOCKS = YES;
				GCC_OPTIMIZATION_LEVEL = 0;
				GCC_PREPROCESSOR_DEFINITIONS = (
					"DEBUG=1",
					"$(inherited)",
				);
				GCC_SYMBOLS_PRIVATE_EXTERN = NO;
				GCC_WARN_64_TO_32_BIT_CONVERSION = YES;
				GCC_WARN_ABOUT_RETURN_TYPE = YES_ERROR;
				GCC_WARN_UNDECLARED_SELECTOR = YES;
				GCC_WARN_UNINITIALIZED_AUTOS = YES_AGGRESSIVE;
				GCC_WARN_UNUSED_FUNCTION = YES;
				GCC_WARN_UNUSED_VARIABLE = YES;
				IPHONEOS_DEPLOYMENT_TARGET = 7.0;
				MTL_ENABLE_DEBUG_INFO = YES;
				ONLY_ACTIVE_ARCH = YES;
				SDKROOT = iphoneos;
			};
			name = Debug;
		};
		3271E3C91C030D9B00A1C2B4 /* Release */ = {
			isa = XCBuildConfiguration;
			buildSettings = {
				ALWAYS_SEARCH_USER_PATHS = NO;
				CLANG_CXX_LANGUAGE_STANDARD = "gnu++0x";
				CLANG_CXX_LIBRARY = "libc++";
				CLANG_ENABLE_MODULES = YES;
				CLANG_ENABLE_OBJC_ARC = YES;
				CLANG_WARN_BOOL_CONVERSION = YES;
				CLANG_WARN_CONSTANT_CONVERSION = YES;
				CLANG_WARN_DIRECT_OBJC_ISA_USAGE = YES_ERROR;
				CLANG_WARN_EMPTY_BODY = YES;
				CLANG_WARN_ENUM_CONVERSION = YES;
				CLANG_WARN_INT_CONVERSION = YES;
				CLANG_WARN_OBJC_ROOT_CLASS = YES_ERROR;
				CLANG_WARN_UNREACHABLE_CODE = YES;
				CLANG_WARN__DUPLICATE_METHOD_MATCH = YES;
				COPY_PHASE_STRIP = NO;
				DEBUG_INFORMATION_FORMAT = "dwarf-with-dsym";
				ENABLE_NS_ASSERTIONS = NO;
				ENABLE_STRICT_OBJC_MSGSEND = YES;
				GCC_C_LANGUAGE_STANDARD = gnu99;
				GCC_NO_COMMON_BLOCKS = YES;
				GCC_WARN_64_TO_32_BIT_CONVERSION = YES;
				GCC_WARN_ABOUT_RETURN_TYPE = YES_ERROR;
				GCC_WARN_UNDECLARED_SELECTOR = YES;
				GCC_WARN_UNINITIALIZED_AUTOS = YES_AGGRESSIVE;
				GCC_WARN_UNUSED_FUNCTION = YES;
				GCC_WARN_UNUSED_VARIABLE = YES;
				IPHONEOS_DEPLOYMENT_TARGET = 7.0;
				MTL_ENABLE_DEBUG_INFO = NO;
				SDKROOT = iphoneos;
				VALIDATE_PRODUCT = YES;
			};
			name = Release;
		};
		3271E3CB1C030D9B00A1C2B4 /* Debug */ = {
			isa = XCBuildConfiguration;
			buildSettings = {
				HEADER_SEARCH_PATHS = (
					"$(inherited)",
					/Applications/Xcode.app/Contents/Developer/Toolchains/XcodeDefault.xctoolchain/usr/include,
					"$(SRCROOT)/../../../react-native/React/**",
					"$(SRCROOT)/../../react-native-cordova/ios/RCTCordova",
				);
				OTHER_LDFLAGS = "-ObjC";
				PRODUCT_NAME = "$(TARGET_NAME)";
				SKIP_INSTALL = YES;
			};
			name = Debug;
		};
		3271E3CC1C030D9B00A1C2B4 /* Release */ = {
			isa = XCBuildConfiguration;
			buildSettings = {
				HEADER_SEARCH_PATHS = (
					"$(inherited)",
					/Applications/Xcode.app/Contents/Developer/Toolchains/XcodeDefault.xctoolchain/usr/include,
					"$(SRCROOT)/../../../react-native/React/**",
					"$(SRCROOT)/../../react-native-cordova/ios/RCTCordova",
				);
				OTHER_LDFLAGS = "-ObjC";
				PRODUCT_NAME = "$(TARGET_NAME)";
				SKIP_INSTALL = YES;
			};
			name = Release;
		};
/* End XCBuildConfiguration section */

/* Begin XCConfigurationList section */
		3271E3B11C030D9B00A1C2B4 /* Build configuration list for PBXProject "RCTFile" */ = {
			isa = XCConfigurationList;
			buildConfigurations = (
				3271E3C81C030D9B00A1C2B4 /* Debug */,
				3271E3C91C030D9B00A1C2B4 /* Release */,
			);
			defaultConfigurationIsVisible = 0;
			defaultConfigurationName = Release;
		};
		3271E3CA1C030D9B00A1C2B4 /* Build configuration list for PBXNativeTarget "RCTFile" */ = {
			isa = XCConfigurationList;
			buildConfigurations = (
				3271E3CB1C030D9B00A1C2B4 /* Debug */,
				3271E3CC1C030D9B00A1C2B4 /* Release */,
			);
			defaultConfigurationIsVisible = 0;
			defaultConfigurationName = Release;
		};
/* End XCConfigurationList section */
	};
	rootObject = 3271E3AE1C030D9B00A1C2B4 /* Project object */;
}
